
Microsoft Visual Studio Solution File, Format Version 12.00
# Visual Studio Version 17
VisualStudioVersion = 17.3.32825.248
MinimumVisualStudioVersion = 10.0.40219.1
Project("{FAE04EC0-301F-11D3-BF4B-00C04F79EFBC}") = "Ex3_week6_NguyenHuuHoang", "Ex3_week6_NguyenHuuHoang\Ex3_week6_NguyenHuuHoang.csproj", "{948068D0-8208-4BDA-A31C-DEE92E418B67}"
EndProject
Global
	GlobalSection(SolutionConfigurationPlatforms) = preSolution
		Debug|Any CPU = Debug|Any CPU
		Release|Any CPU = Release|Any CPU
	EndGlobalSection
	GlobalSection(ProjectConfigurationPlatforms) = postSolution
		{948068D0-8208-4BDA-A31C-DEE92E418B67}.Debug|Any CPU.ActiveCfg = Debug|Any CPU
		{948068D0-8208-4BDA-A31C-DEE92E418B67}.Debug|Any CPU.Build.0 = Debug|Any CPU
		{948068D0-8208-4BDA-A31C-DEE92E418B67}.Release|Any CPU.ActiveCfg = Release|Any CPU
		{948068D0-8208-4BDA-A31C-DEE92E418B67}.Release|Any CPU.Build.0 = Release|Any CPU
	EndGlobalSection
	GlobalSection(SolutionProperties) = preSolution
		HideSolutionNode = FALSE
	EndGlobalSection
	GlobalSection(ExtensibilityGlobals) = postSolution
		SolutionGuid = {BC25FF27-75E7-4474-9FDB-CA3956B63D61}
	EndGlobalSection
EndGlobal
