
Microsoft Visual Studio Solution File, Format Version 12.00
# Visual Studio Version 17
VisualStudioVersion = 17.3.32825.248
MinimumVisualStudioVersion = 10.0.40219.1
Project("{FAE04EC0-301F-11D3-BF4B-00C04F79EFBC}") = "Ex5_Week6_NguyenHuuHoang", "Ex5_Week6_NguyenHuuHoang\Ex5_Week6_NguyenHuuHoang.csproj", "{429838F3-F5B2-4692-949A-0D47157E5A9E}"
EndProject
Global
	GlobalSection(SolutionConfigurationPlatforms) = preSolution
		Debug|Any CPU = Debug|Any CPU
		Release|Any CPU = Release|Any CPU
	EndGlobalSection
	GlobalSection(ProjectConfigurationPlatforms) = postSolution
		{429838F3-F5B2-4692-949A-0D47157E5A9E}.Debug|Any CPU.ActiveCfg = Debug|Any CPU
		{429838F3-F5B2-4692-949A-0D47157E5A9E}.Debug|Any CPU.Build.0 = Debug|Any CPU
		{429838F3-F5B2-4692-949A-0D47157E5A9E}.Release|Any CPU.ActiveCfg = Release|Any CPU
		{429838F3-F5B2-4692-949A-0D47157E5A9E}.Release|Any CPU.Build.0 = Release|Any CPU
	EndGlobalSection
	GlobalSection(SolutionProperties) = preSolution
		HideSolutionNode = FALSE
	EndGlobalSection
	GlobalSection(ExtensibilityGlobals) = postSolution
		SolutionGuid = {BE18FE90-C356-417F-8C81-1D1A47A2D60E}
	EndGlobalSection
EndGlobal
