
Microsoft Visual Studio Solution File, Format Version 12.00
# Visual Studio Version 17
VisualStudioVersion = 17.3.32825.248
MinimumVisualStudioVersion = 10.0.40219.1
Project("{FAE04EC0-301F-11D3-BF4B-00C04F79EFBC}") = "Ex6_Week7_NguyenHuuHoang", "Ex6_Week7_NguyenHuuHoang\Ex6_Week7_NguyenHuuHoang.csproj", "{D18ECA6F-D8AC-4DD5-8D4D-3468614AFCDA}"
EndProject
Global
	GlobalSection(SolutionConfigurationPlatforms) = preSolution
		Debug|Any CPU = Debug|Any CPU
		Release|Any CPU = Release|Any CPU
	EndGlobalSection
	GlobalSection(ProjectConfigurationPlatforms) = postSolution
		{D18ECA6F-D8AC-4DD5-8D4D-3468614AFCDA}.Debug|Any CPU.ActiveCfg = Debug|Any CPU
		{D18ECA6F-D8AC-4DD5-8D4D-3468614AFCDA}.Debug|Any CPU.Build.0 = Debug|Any CPU
		{D18ECA6F-D8AC-4DD5-8D4D-3468614AFCDA}.Release|Any CPU.ActiveCfg = Release|Any CPU
		{D18ECA6F-D8AC-4DD5-8D4D-3468614AFCDA}.Release|Any CPU.Build.0 = Release|Any CPU
	EndGlobalSection
	GlobalSection(SolutionProperties) = preSolution
		HideSolutionNode = FALSE
	EndGlobalSection
	GlobalSection(ExtensibilityGlobals) = postSolution
		SolutionGuid = {7878857F-EB91-458B-8A90-BF0A5C2A6C93}
	EndGlobalSection
EndGlobal
